
Microsoft Visual Studio Solution File, Format Version 12.00
# Visual Studio 17
VisualStudioVersion = 17.0.31903.59
MinimumVisualStudioVersion = 10.0.40219.1
Project("{FAE04EC0-301F-11D3-BF4B-00C04F79EFBC}") = "VoronoiEngine", "VoronoiEngine\VoronoiEngine.csproj", "{960FEC25-17C7-4964-9EA4-F3BD3FC57052}"
EndProject
Project("{FAE04EC0-301F-11D3-BF4B-00C04F79EFBC}") = "VoronoiTests", "VoronoiTests\VoronoiTests.csproj", "{3F58E1EE-3D1C-4E86-9341-6798740C3259}"
EndProject
Global
	GlobalSection(SolutionConfigurationPlatforms) = preSolution
		Debug|Any CPU = Debug|Any CPU
		Release|Any CPU = Release|Any CPU
	EndGlobalSection
	GlobalSection(ProjectConfigurationPlatforms) = postSolution
		{960FEC25-17C7-4964-9EA4-F3BD3FC57052}.Debug|Any CPU.ActiveCfg = Debug|Any CPU
		{960FEC25-17C7-4964-9EA4-F3BD3FC57052}.Debug|Any CPU.Build.0 = Debug|Any CPU
		{960FEC25-17C7-4964-9EA4-F3BD3FC57052}.Release|Any CPU.ActiveCfg = Release|Any CPU
		{960FEC25-17C7-4964-9EA4-F3BD3FC57052}.Release|Any CPU.Build.0 = Release|Any CPU
		{3F58E1EE-3D1C-4E86-9341-6798740C3259}.Debug|Any CPU.ActiveCfg = Debug|Any CPU
		{3F58E1EE-3D1C-4E86-9341-6798740C3259}.Debug|Any CPU.Build.0 = Debug|Any CPU
		{3F58E1EE-3D1C-4E86-9341-6798740C3259}.Release|Any CPU.ActiveCfg = Release|Any CPU
		{3F58E1EE-3D1C-4E86-9341-6798740C3259}.Release|Any CPU.Build.0 = Release|Any CPU
	EndGlobalSection
	GlobalSection(SolutionProperties) = preSolution
		HideSolutionNode = FALSE
	EndGlobalSection
	GlobalSection(ExtensibilityGlobals) = postSolution
		SolutionGuid = {B7DE12EC-3CB5-40F8-A864-6940F82E63DF}
	EndGlobalSection
EndGlobal
